// !$*UTF8*$!
{
	archiveVersion = 1;
	classes = {
	};
	objectVersion = 50;
	objects = {

/* Begin PBXBuildFile section */
		2C6D920D2649F6B500A3F806 /* Utils.swift in Sources */ = {isa = PBXBuildFile; fileRef = 2C6D920C2649F6B500A3F806 /* Utils.swift */; };
		2C85BD7B263D718000B25A9B /* ReminderDetailEditDataSource.swift in Sources */ = {isa = PBXBuildFile; fileRef = 2C85BD7A263D718000B25A9B /* ReminderDetailEditDataSource.swift */; };
		2CA8CBF3263CA1EA00E3104D /* AppDelegate.swift in Sources */ = {isa = PBXBuildFile; fileRef = 2CA8CBF2263CA1EA00E3104D /* AppDelegate.swift */; };
		2CA8CBF5263CA1EA00E3104D /* SceneDelegate.swift in Sources */ = {isa = PBXBuildFile; fileRef = 2CA8CBF4263CA1EA00E3104D /* SceneDelegate.swift */; };
		2CA8CBF7263CA1EA00E3104D /* ReminderListViewController.swift in Sources */ = {isa = PBXBuildFile; fileRef = 2CA8CBF6263CA1EA00E3104D /* ReminderListViewController.swift */; };
		2CA8CBFA263CA1EA00E3104D /* Main.storyboard in Resources */ = {isa = PBXBuildFile; fileRef = 2CA8CBF8263CA1EA00E3104D /* Main.storyboard */; };
		2CA8CBFC263CA1EB00E3104D /* Assets.xcassets in Resources */ = {isa = PBXBuildFile; fileRef = 2CA8CBFB263CA1EB00E3104D /* Assets.xcassets */; };
		2CA8CBFF263CA1EB00E3104D /* LaunchScreen.storyboard in Resources */ = {isa = PBXBuildFile; fileRef = 2CA8CBFD263CA1EB00E3104D /* LaunchScreen.storyboard */; };
		2CA8CC07263CA2C100E3104D /* Reminder.swift in Sources */ = {isa = PBXBuildFile; fileRef = 2CA8CC06263CA2C100E3104D /* Reminder.swift */; };
		2CA8CC09263CAA6B00E3104D /* ReminderListCell.swift in Sources */ = {isa = PBXBuildFile; fileRef = 2CA8CC08263CAA6B00E3104D /* ReminderListCell.swift */; };
		2CA8CC0B263CB11300E3104D /* ReminderDetailViewController.swift in Sources */ = {isa = PBXBuildFile; fileRef = 2CA8CC0A263CB11300E3104D /* ReminderDetailViewController.swift */; };
		2CA8CC0E263CCC8900E3104D /* ReminderListDataSource.swift in Sources */ = {isa = PBXBuildFile; fileRef = 2CA8CC0D263CCC8900E3104D /* ReminderListDataSource.swift */; };
		2CA8CC12263CCF9400E3104D /* ReminderDetailViewDataSource.swift in Sources */ = {isa = PBXBuildFile; fileRef = 2CA8CC11263CCF9400E3104D /* ReminderDetailViewDataSource.swift */; };
		2CA8CC15263CD9EE00E3104D /* EditTitleCell.swift in Sources */ = {isa = PBXBuildFile; fileRef = 2CA8CC14263CD9EE00E3104D /* EditTitleCell.swift */; };
		2CA8CC17263CDA9500E3104D /* EditDateCell.swift in Sources */ = {isa = PBXBuildFile; fileRef = 2CA8CC16263CDA9500E3104D /* EditDateCell.swift */; };
		2CA8CC19263CDAD800E3104D /* EditNotesCell.swift in Sources */ = {isa = PBXBuildFile; fileRef = 2CA8CC18263CDAD800E3104D /* EditNotesCell.swift */; };
/* End PBXBuildFile section */

/* Begin PBXFileReference section */
		2C6D920C2649F6B500A3F806 /* Utils.swift */ = {isa = PBXFileReference; lastKnownFileType = sourcecode.swift; path = Utils.swift; sourceTree = "<group>"; };
		2C85BD7A263D718000B25A9B /* ReminderDetailEditDataSource.swift */ = {isa = PBXFileReference; lastKnownFileType = sourcecode.swift; path = ReminderDetailEditDataSource.swift; sourceTree = "<group>"; };
		2CA8CBEF263CA1EA00E3104D /* Today.app */ = {isa = PBXFileReference; explicitFileType = wrapper.application; includeInIndex = 0; path = Today.app; sourceTree = BUILT_PRODUCTS_DIR; };
		2CA8CBF2263CA1EA00E3104D /* AppDelegate.swift */ = {isa = PBXFileReference; lastKnownFileType = sourcecode.swift; path = AppDelegate.swift; sourceTree = "<group>"; };
		2CA8CBF4263CA1EA00E3104D /* SceneDelegate.swift */ = {isa = PBXFileReference; lastKnownFileType = sourcecode.swift; path = SceneDelegate.swift; sourceTree = "<group>"; };
		2CA8CBF6263CA1EA00E3104D /* ReminderListViewController.swift */ = {isa = PBXFileReference; lastKnownFileType = sourcecode.swift; path = ReminderListViewController.swift; sourceTree = "<group>"; };
		2CA8CBF9263CA1EA00E3104D /* Base */ = {isa = PBXFileReference; lastKnownFileType = file.storyboard; name = Base; path = Base.lproj/Main.storyboard; sourceTree = "<group>"; };
		2CA8CBFB263CA1EB00E3104D /* Assets.xcassets */ = {isa = PBXFileReference; lastKnownFileType = folder.assetcatalog; path = Assets.xcassets; sourceTree = "<group>"; };
		2CA8CBFE263CA1EB00E3104D /* Base */ = {isa = PBXFileReference; lastKnownFileType = file.storyboard; name = Base; path = Base.lproj/LaunchScreen.storyboard; sourceTree = "<group>"; };
		2CA8CC00263CA1EB00E3104D /* Info.plist */ = {isa = PBXFileReference; lastKnownFileType = text.plist.xml; path = Info.plist; sourceTree = "<group>"; };
		2CA8CC06263CA2C100E3104D /* Reminder.swift */ = {isa = PBXFileReference; lastKnownFileType = sourcecode.swift; path = Reminder.swift; sourceTree = "<group>"; };
		2CA8CC08263CAA6B00E3104D /* ReminderListCell.swift */ = {isa = PBXFileReference; lastKnownFileType = sourcecode.swift; path = ReminderListCell.swift; sourceTree = "<group>"; };
		2CA8CC0A263CB11300E3104D /* ReminderDetailViewController.swift */ = {isa = PBXFileReference; lastKnownFileType = sourcecode.swift; path = ReminderDetailViewController.swift; sourceTree = "<group>"; };
		2CA8CC0D263CCC8900E3104D /* ReminderListDataSource.swift */ = {isa = PBXFileReference; lastKnownFileType = sourcecode.swift; path = ReminderListDataSource.swift; sourceTree = "<group>"; };
		2CA8CC11263CCF9400E3104D /* ReminderDetailViewDataSource.swift */ = {isa = PBXFileReference; lastKnownFileType = sourcecode.swift; path = ReminderDetailViewDataSource.swift; sourceTree = "<group>"; };
		2CA8CC14263CD9EE00E3104D /* EditTitleCell.swift */ = {isa = PBXFileReference; lastKnownFileType = sourcecode.swift; path = EditTitleCell.swift; sourceTree = "<group>"; };
		2CA8CC16263CDA9500E3104D /* EditDateCell.swift */ = {isa = PBXFileReference; lastKnownFileType = sourcecode.swift; path = EditDateCell.swift; sourceTree = "<group>"; };
		2CA8CC18263CDAD800E3104D /* EditNotesCell.swift */ = {isa = PBXFileReference; lastKnownFileType = sourcecode.swift; path = EditNotesCell.swift; sourceTree = "<group>"; };
/* End PBXFileReference section */

/* Begin PBXFrameworksBuildPhase section */
		2CA8CBEC263CA1EA00E3104D /* Frameworks */ = {
			isa = PBXFrameworksBuildPhase;
			buildActionMask = 2147483647;
			files = (
			);
			runOnlyForDeploymentPostprocessing = 0;
		};
/* End PBXFrameworksBuildPhase section */

/* Begin PBXGroup section */
		2CA8CBE6263CA1EA00E3104D = {
			isa = PBXGroup;
			children = (
				2CA8CBF1263CA1EA00E3104D /* Today */,
				2CA8CBF0263CA1EA00E3104D /* Products */,
			);
			sourceTree = "<group>";
		};
		2CA8CBF0263CA1EA00E3104D /* Products */ = {
			isa = PBXGroup;
			children = (
				2CA8CBEF263CA1EA00E3104D /* Today.app */,
			);
			name = Products;
			sourceTree = "<group>";
		};
		2CA8CBF1263CA1EA00E3104D /* Today */ = {
			isa = PBXGroup;
			children = (
				2CA8CBF2263CA1EA00E3104D /* AppDelegate.swift */,
				2CA8CBF4263CA1EA00E3104D /* SceneDelegate.swift */,
				2CA8CC0C263CC83F00E3104D /* Views */,
				2CA8CC10263CCF5B00E3104D /* Model */,
				2CA8CC13263CD4BF00E3104D /* Controllers */,
				2CA8CBFB263CA1EB00E3104D /* Assets.xcassets */,
				2CA8CBFD263CA1EB00E3104D /* LaunchScreen.storyboard */,
				2C6D920C2649F6B500A3F806 /* Utils.swift */,
				2CA8CC00263CA1EB00E3104D /* Info.plist */,
			);
			path = Today;
			sourceTree = "<group>";
		};
		2CA8CC0C263CC83F00E3104D /* Views */ = {
			isa = PBXGroup;
			children = (
				2CA8CBF8263CA1EA00E3104D /* Main.storyboard */,
				2CA8CC08263CAA6B00E3104D /* ReminderListCell.swift */,
				2CA8CC14263CD9EE00E3104D /* EditTitleCell.swift */,
				2CA8CC16263CDA9500E3104D /* EditDateCell.swift */,
				2CA8CC18263CDAD800E3104D /* EditNotesCell.swift */,
			);
			path = Views;
			sourceTree = "<group>";
		};
		2CA8CC0F263CCF3F00E3104D /* Data Sources */ = {
			isa = PBXGroup;
			children = (
				2CA8CC0D263CCC8900E3104D /* ReminderListDataSource.swift */,
				2CA8CC11263CCF9400E3104D /* ReminderDetailViewDataSource.swift */,
				2C85BD7A263D718000B25A9B /* ReminderDetailEditDataSource.swift */,
			);
			path = "Data Sources";
			sourceTree = "<group>";
		};
		2CA8CC10263CCF5B00E3104D /* Model */ = {
			isa = PBXGroup;
			children = (
				2CA8CC06263CA2C100E3104D /* Reminder.swift */,
				2CA8CC0F263CCF3F00E3104D /* Data Sources */,
			);
			path = Model;
			sourceTree = "<group>";
		};
		2CA8CC13263CD4BF00E3104D /* Controllers */ = {
			isa = PBXGroup;
			children = (
				2CA8CBF6263CA1EA00E3104D /* ReminderListViewController.swift */,
				2CA8CC0A263CB11300E3104D /* ReminderDetailViewController.swift */,
			);
			path = Controllers;
			sourceTree = "<group>";
		};
/* End PBXGroup section */

/* Begin PBXNativeTarget section */
		2CA8CBEE263CA1EA00E3104D /* Today */ = {
			isa = PBXNativeTarget;
			buildConfigurationList = 2CA8CC03263CA1EB00E3104D /* Build configuration list for PBXNativeTarget "Today" */;
			buildPhases = (
				2CA8CBEB263CA1EA00E3104D /* Sources */,
				2CA8CBEC263CA1EA00E3104D /* Frameworks */,
				2CA8CBED263CA1EA00E3104D /* Resources */,
			);
			buildRules = (
			);
			dependencies = (
			);
			name = Today;
			productName = Today;
			productReference = 2CA8CBEF263CA1EA00E3104D /* Today.app */;
			productType = "com.apple.product-type.application";
		};
/* End PBXNativeTarget section */

/* Begin PBXProject section */
		2CA8CBE7263CA1EA00E3104D /* Project object */ = {
			isa = PBXProject;
			attributes = {
				LastSwiftUpdateCheck = 1250;
				LastUpgradeCheck = 1250;
				TargetAttributes = {
					2CA8CBEE263CA1EA00E3104D = {
						CreatedOnToolsVersion = 12.5;
					};
				};
			};
			buildConfigurationList = 2CA8CBEA263CA1EA00E3104D /* Build configuration list for PBXProject "Today" */;
			compatibilityVersion = "Xcode 9.3";
			developmentRegion = en;
			hasScannedForEncodings = 0;
			knownRegions = (
				en,
				Base,
			);
			mainGroup = 2CA8CBE6263CA1EA00E3104D;
			productRefGroup = 2CA8CBF0263CA1EA00E3104D /* Products */;
			projectDirPath = "";
			projectRoot = "";
			targets = (
				2CA8CBEE263CA1EA00E3104D /* Today */,
			);
		};
/* End PBXProject section */

/* Begin PBXResourcesBuildPhase section */
		2CA8CBED263CA1EA00E3104D /* Resources */ = {
			isa = PBXResourcesBuildPhase;
			buildActionMask = 2147483647;
			files = (
				2CA8CBFF263CA1EB00E3104D /* LaunchScreen.storyboard in Resources */,
				2CA8CBFC263CA1EB00E3104D /* Assets.xcassets in Resources */,
				2CA8CBFA263CA1EA00E3104D /* Main.storyboard in Resources */,
			);
			runOnlyForDeploymentPostprocessing = 0;
		};
/* End PBXResourcesBuildPhase section */

/* Begin PBXSourcesBuildPhase section */
		2CA8CBEB263CA1EA00E3104D /* Sources */ = {
			isa = PBXSourcesBuildPhase;
			buildActionMask = 2147483647;
			files = (
				2CA8CBF7263CA1EA00E3104D /* ReminderListViewController.swift in Sources */,
				2CA8CC09263CAA6B00E3104D /* ReminderListCell.swift in Sources */,
				2CA8CC15263CD9EE00E3104D /* EditTitleCell.swift in Sources */,
				2CA8CBF3263CA1EA00E3104D /* AppDelegate.swift in Sources */,
				2CA8CC0B263CB11300E3104D /* ReminderDetailViewController.swift in Sources */,
				2C6D920D2649F6B500A3F806 /* Utils.swift in Sources */,
				2CA8CC12263CCF9400E3104D /* ReminderDetailViewDataSource.swift in Sources */,
				2CA8CBF5263CA1EA00E3104D /* SceneDelegate.swift in Sources */,
				2CA8CC19263CDAD800E3104D /* EditNotesCell.swift in Sources */,
				2CA8CC17263CDA9500E3104D /* EditDateCell.swift in Sources */,
				2CA8CC07263CA2C100E3104D /* Reminder.swift in Sources */,
				2CA8CC0E263CCC8900E3104D /* ReminderListDataSource.swift in Sources */,
				2C85BD7B263D718000B25A9B /* ReminderDetailEditDataSource.swift in Sources */,
			);
			runOnlyForDeploymentPostprocessing = 0;
		};
/* End PBXSourcesBuildPhase section */

/* Begin PBXVariantGroup section */
		2CA8CBF8263CA1EA00E3104D /* Main.storyboard */ = {
			isa = PBXVariantGroup;
			children = (
				2CA8CBF9263CA1EA00E3104D /* Base */,
			);
			name = Main.storyboard;
			sourceTree = "<group>";
		};
		2CA8CBFD263CA1EB00E3104D /* LaunchScreen.storyboard */ = {
			isa = PBXVariantGroup;
			children = (
				2CA8CBFE263CA1EB00E3104D /* Base */,
			);
			name = LaunchScreen.storyboard;
			sourceTree = "<group>";
		};
/* End PBXVariantGroup section */

/* Begin XCBuildConfiguration section */
		2CA8CC01263CA1EB00E3104D /* Debug */ = {
			isa = XCBuildConfiguration;
			buildSettings = {
				ALWAYS_SEARCH_USER_PATHS = NO;
				CLANG_ANALYZER_NONNULL = YES;
				CLANG_ANALYZER_NUMBER_OBJECT_CONVERSION = YES_AGGRESSIVE;
				CLANG_CXX_LANGUAGE_STANDARD = "gnu++14";
				CLANG_CXX_LIBRARY = "libc++";
				CLANG_ENABLE_MODULES = YES;
				CLANG_ENABLE_OBJC_ARC = YES;
				CLANG_ENABLE_OBJC_WEAK = YES;
				CLANG_WARN_BLOCK_CAPTURE_AUTORELEASING = YES;
				CLANG_WARN_BOOL_CONVERSION = YES;
				CLANG_WARN_COMMA = YES;
				CLANG_WARN_CONSTANT_CONVERSION = YES;
				CLANG_WARN_DEPRECATED_OBJC_IMPLEMENTATIONS = YES;
				CLANG_WARN_DIRECT_OBJC_ISA_USAGE = YES_ERROR;
				CLANG_WARN_DOCUMENTATION_COMMENTS = YES;
				CLANG_WARN_EMPTY_BODY = YES;
				CLANG_WARN_ENUM_CONVERSION = YES;
				CLANG_WARN_INFINITE_RECURSION = YES;
				CLANG_WARN_INT_CONVERSION = YES;
				CLANG_WARN_NON_LITERAL_NULL_CONVERSION = YES;
				CLANG_WARN_OBJC_IMPLICIT_RETAIN_SELF = YES;
				CLANG_WARN_OBJC_LITERAL_CONVERSION = YES;
				CLANG_WARN_OBJC_ROOT_CLASS = YES_ERROR;
				CLANG_WARN_QUOTED_INCLUDE_IN_FRAMEWORK_HEADER = YES;
				CLANG_WARN_RANGE_LOOP_ANALYSIS = YES;
				CLANG_WARN_STRICT_PROTOTYPES = YES;
				CLANG_WARN_SUSPICIOUS_MOVE = YES;
				CLANG_WARN_UNGUARDED_AVAILABILITY = YES_AGGRESSIVE;
				CLANG_WARN_UNREACHABLE_CODE = YES;
				CLANG_WARN__DUPLICATE_METHOD_MATCH = YES;
				COPY_PHASE_STRIP = NO;
				DEBUG_INFORMATION_FORMAT = dwarf;
				ENABLE_STRICT_OBJC_MSGSEND = YES;
				ENABLE_TESTABILITY = YES;
				GCC_C_LANGUAGE_STANDARD = gnu11;
				GCC_DYNAMIC_NO_PIC = NO;
				GCC_NO_COMMON_BLOCKS = YES;
				GCC_OPTIMIZATION_LEVEL = 0;
				GCC_PREPROCESSOR_DEFINITIONS = (
					"DEBUG=1",
					"$(inherited)",
				);
				GCC_WARN_64_TO_32_BIT_CONVERSION = YES;
				GCC_WARN_ABOUT_RETURN_TYPE = YES_ERROR;
				GCC_WARN_UNDECLARED_SELECTOR = YES;
				GCC_WARN_UNINITIALIZED_AUTOS = YES_AGGRESSIVE;
				GCC_WARN_UNUSED_FUNCTION = YES;
				GCC_WARN_UNUSED_VARIABLE = YES;
				IPHONEOS_DEPLOYMENT_TARGET = 14.5;
				MTL_ENABLE_DEBUG_INFO = INCLUDE_SOURCE;
				MTL_FAST_MATH = YES;
				ONLY_ACTIVE_ARCH = YES;
				SDKROOT = iphoneos;
				SWIFT_ACTIVE_COMPILATION_CONDITIONS = DEBUG;
				SWIFT_OPTIMIZATION_LEVEL = "-Onone";
			};
			name = Debug;
		};
		2CA8CC02263CA1EB00E3104D /* Release */ = {
			isa = XCBuildConfiguration;
			buildSettings = {
				ALWAYS_SEARCH_USER_PATHS = NO;
				CLANG_ANALYZER_NONNULL = YES;
				CLANG_ANALYZER_NUMBER_OBJECT_CONVERSION = YES_AGGRESSIVE;
				CLANG_CXX_LANGUAGE_STANDARD = "gnu++14";
				CLANG_CXX_LIBRARY = "libc++";
				CLANG_ENABLE_MODULES = YES;
				CLANG_ENABLE_OBJC_ARC = YES;
				CLANG_ENABLE_OBJC_WEAK = YES;
				CLANG_WARN_BLOCK_CAPTURE_AUTORELEASING = YES;
				CLANG_WARN_BOOL_CONVERSION = YES;
				CLANG_WARN_COMMA = YES;
				CLANG_WARN_CONSTANT_CONVERSION = YES;
				CLANG_WARN_DEPRECATED_OBJC_IMPLEMENTATIONS = YES;
				CLANG_WARN_DIRECT_OBJC_ISA_USAGE = YES_ERROR;
				CLANG_WARN_DOCUMENTATION_COMMENTS = YES;
				CLANG_WARN_EMPTY_BODY = YES;
				CLANG_WARN_ENUM_CONVERSION = YES;
				CLANG_WARN_INFINITE_RECURSION = YES;
				CLANG_WARN_INT_CONVERSION = YES;
				CLANG_WARN_NON_LITERAL_NULL_CONVERSION = YES;
				CLANG_WARN_OBJC_IMPLICIT_RETAIN_SELF = YES;
				CLANG_WARN_OBJC_LITERAL_CONVERSION = YES;
				CLANG_WARN_OBJC_ROOT_CLASS = YES_ERROR;
				CLANG_WARN_QUOTED_INCLUDE_IN_FRAMEWORK_HEADER = YES;
				CLANG_WARN_RANGE_LOOP_ANALYSIS = YES;
				CLANG_WARN_STRICT_PROTOTYPES = YES;
				CLANG_WARN_SUSPICIOUS_MOVE = YES;
				CLANG_WARN_UNGUARDED_AVAILABILITY = YES_AGGRESSIVE;
				CLANG_WARN_UNREACHABLE_CODE = YES;
				CLANG_WARN__DUPLICATE_METHOD_MATCH = YES;
				COPY_PHASE_STRIP = NO;
				DEBUG_INFORMATION_FORMAT = "dwarf-with-dsym";
				ENABLE_NS_ASSERTIONS = NO;
				ENABLE_STRICT_OBJC_MSGSEND = YES;
				GCC_C_LANGUAGE_STANDARD = gnu11;
				GCC_NO_COMMON_BLOCKS = YES;
				GCC_WARN_64_TO_32_BIT_CONVERSION = YES;
				GCC_WARN_ABOUT_RETURN_TYPE = YES_ERROR;
				GCC_WARN_UNDECLARED_SELECTOR = YES;
				GCC_WARN_UNINITIALIZED_AUTOS = YES_AGGRESSIVE;
				GCC_WARN_UNUSED_FUNCTION = YES;
				GCC_WARN_UNUSED_VARIABLE = YES;
				IPHONEOS_DEPLOYMENT_TARGET = 14.5;
				MTL_ENABLE_DEBUG_INFO = NO;
				MTL_FAST_MATH = YES;
				SDKROOT = iphoneos;
				SWIFT_COMPILATION_MODE = wholemodule;
				SWIFT_OPTIMIZATION_LEVEL = "-O";
				VALIDATE_PRODUCT = YES;
			};
			name = Release;
		};
		2CA8CC04263CA1EB00E3104D /* Debug */ = {
			isa = XCBuildConfiguration;
			buildSettings = {
				ASSETCATALOG_COMPILER_APPICON_NAME = AppIcon;
				ASSETCATALOG_COMPILER_GLOBAL_ACCENT_COLOR_NAME = AccentColor;
				CODE_SIGN_STYLE = Automatic;
				DEVELOPMENT_TEAM = 8R3P49X4ZM;
				INFOPLIST_FILE = Today/Info.plist;
				IPHONEOS_DEPLOYMENT_TARGET = 13.0;
				LD_RUNPATH_SEARCH_PATHS = (
					"$(inherited)",
					"@executable_path/Frameworks",
				);
				PRODUCT_BUNDLE_IDENTIFIER = com.joepham.Today;
				PRODUCT_NAME = "$(TARGET_NAME)";
				SWIFT_VERSION = 5.0;
				TARGETED_DEVICE_FAMILY = 1;
			};
			name = Debug;
		};
		2CA8CC05263CA1EB00E3104D /* Release */ = {
			isa = XCBuildConfiguration;
			buildSettings = {
				ASSETCATALOG_COMPILER_APPICON_NAME = AppIcon;
				ASSETCATALOG_COMPILER_GLOBAL_ACCENT_COLOR_NAME = AccentColor;
				CODE_SIGN_STYLE = Automatic;
				DEVELOPMENT_TEAM = 8R3P49X4ZM;
				INFOPLIST_FILE = Today/Info.plist;
				IPHONEOS_DEPLOYMENT_TARGET = 13.0;
				LD_RUNPATH_SEARCH_PATHS = (
					"$(inherited)",
					"@executable_path/Frameworks",
				);
				PRODUCT_BUNDLE_IDENTIFIER = com.joepham.Today;
				PRODUCT_NAME = "$(TARGET_NAME)";
				SWIFT_VERSION = 5.0;
				TARGETED_DEVICE_FAMILY = 1;
			};
			name = Release;
		};
/* End XCBuildConfiguration section */

/* Begin XCConfigurationList section */
		2CA8CBEA263CA1EA00E3104D /* Build configuration list for PBXProject "Today" */ = {
			isa = XCConfigurationList;
			buildConfigurations = (
				2CA8CC01263CA1EB00E3104D /* Debug */,
				2CA8CC02263CA1EB00E3104D /* Release */,
			);
			defaultConfigurationIsVisible = 0;
			defaultConfigurationName = Release;
		};
		2CA8CC03263CA1EB00E3104D /* Build configuration list for PBXNativeTarget "Today" */ = {
			isa = XCConfigurationList;
			buildConfigurations = (
				2CA8CC04263CA1EB00E3104D /* Debug */,
				2CA8CC05263CA1EB00E3104D /* Release */,
			);
			defaultConfigurationIsVisible = 0;
			defaultConfigurationName = Release;
		};
/* End XCConfigurationList section */
	};
	rootObject = 2CA8CBE7263CA1EA00E3104D /* Project object */;
}
